{
  "name": "Terrain Generation",
  "lockfileVersion": 2,
  "requires": true,
  "packages": {
    "": {
      "dependencies": {
        "@types/mojang-minecraft": "^0.1.6"
      }
    },
    "node_modules/@types/mojang-minecraft": {
      "version": "0.1.6",
      "resolved": "https://registry.npmjs.org/@types/mojang-minecraft/-/mojang-minecraft-0.1.6.tgz",
      "integrity": "sha512-Zho2/JYWmowvOYGVcnV08DRASYm66oeENR4yvXTLpMXWJm/j12rbuk5ddXQoE+GIu+vsbsQzzJFHeZ3HxI1TLw=="
    }
  },
  "dependencies": {
    "@types/mojang-minecraft": {
      "version": "0.1.6",
      "resolved": "https://registry.npmjs.org/@types/mojang-minecraft/-/mojang-minecraft-0.1.6.tgz",
      "integrity": "sha512-Zho2/JYWmowvOYGVcnV08DRASYm66oeENR4yvXTLpMXWJm/j12rbuk5ddXQoE+GIu+vsbsQzzJFHeZ3HxI1TLw=="
    }
  }
}
